# This file is automatically @generated by Cargo.
# It is not intended for manual editing.
version = 3

[[package]]
name = "arrayvec"
version = "0.5.2"
source = "registry+https://github.com/rust-lang/crates.io-index"
checksum = "23b62fc65de8e4e7f52534fb52b0f3ed04746ae267519eef2a83941e8085068b"

[[package]]
name = "ash"
version = "0.31.0"
source = "registry+https://github.com/rust-lang/crates.io-index"
checksum = "c69a8137596e84c22d57f3da1b5de1d4230b1742a710091c85f4d7ce50f00f38"
dependencies = [
 "libloading 0.6.7",
]

[[package]]
name = "autocfg"
version = "1.0.1"
source = "registry+https://github.com/rust-lang/crates.io-index"
checksum = "cdb031dd78e28731d87d56cc8ffef4a8f36ca26c38fe2de700543e627f8a464a"

[[package]]
name = "bit-set"
version = "0.5.2"
source = "registry+https://github.com/rust-lang/crates.io-index"
checksum = "6e11e16035ea35e4e5997b393eacbf6f63983188f7a2ad25bfb13465f5ad59de"
dependencies = [
 "bit-vec",
]

[[package]]
name = "bit-vec"
version = "0.6.3"
source = "registry+https://github.com/rust-lang/crates.io-index"
checksum = "349f9b6a179ed607305526ca489b34ad0a41aed5f7980fa90eb03160b69598fb"

[[package]]
name = "bitflags"
version = "1.2.1"
source = "registry+https://github.com/rust-lang/crates.io-index"
checksum = "cf1de2fe8c75bc145a2f577add951f8134889b4795d47466a54a5c846d691693"

[[package]]
name = "bumpalo"
version = "3.6.1"
source = "registry+https://github.com/rust-lang/crates.io-index"
checksum = "63396b8a4b9de3f4fdfb320ab6080762242f66a8ef174c49d8e19b674db4cdbe"

[[package]]
name = "byteorder"
version = "1.4.2"
source = "registry+https://github.com/rust-lang/crates.io-index"
checksum = "ae44d1a3d5a19df61dd0c8beb138458ac2a53a7ac09eba97d55592540004306b"

[[package]]
name = "cc"
version = "1.0.67"
source = "registry+https://github.com/rust-lang/crates.io-index"
checksum = "e3c69b077ad434294d3ce9f1f6143a2a4b89a8a2d54ef813d85003a4fd1137fd"
dependencies = [
 "jobserver",
]

[[package]]
name = "cfg-if"
version = "1.0.0"
source = "registry+https://github.com/rust-lang/crates.io-index"
checksum = "baf1de4339761588bc0619e3cbc0120ee582ebb74b53b4efbf79117bd2da40fd"

[[package]]
name = "core-foundation"
version = "0.9.1"
source = "registry+https://github.com/rust-lang/crates.io-index"
checksum = "0a89e2ae426ea83155dccf10c0fa6b1463ef6d5fcb44cee0b224a408fa640a62"
dependencies = [
 "core-foundation-sys",
 "libc",
]

[[package]]
name = "core-foundation-sys"
version = "0.8.2"
source = "registry+https://github.com/rust-lang/crates.io-index"
checksum = "ea221b5284a47e40033bf9b66f35f984ec0ea2931eb03505246cd27a963f981b"

[[package]]
name = "core-graphics-types"
version = "0.1.1"
source = "registry+https://github.com/rust-lang/crates.io-index"
checksum = "3a68b68b3446082644c91ac778bf50cd4104bfb002b5a6a7c44cca5a2c70788b"
dependencies = [
 "bitflags",
 "core-foundation",
 "foreign-types",
 "libc",
]

[[package]]
name = "d3d12"
version = "0.3.2"
source = "git+https://github.com/gfx-rs/d3d12-rs?rev=be19a243b86e0bafb9937d661fc8eabb3e42b44e#be19a243b86e0bafb9937d661fc8eabb3e42b44e"
dependencies = [
 "bitflags",
 "libloading 0.7.0",
 "winapi",
]

[[package]]
name = "dust"
version = "0.1.0"

[[package]]
name = "foreign-types"
version = "0.3.2"
source = "registry+https://github.com/rust-lang/crates.io-index"
checksum = "f6f339eb8adc052cd2ca78910fda869aefa38d22d5cb648e6485e4d3fc06f3b1"
dependencies = [
 "foreign-types-shared",
]

[[package]]
name = "foreign-types-shared"
version = "0.1.1"
source = "registry+https://github.com/rust-lang/crates.io-index"
checksum = "00b0228411908ca8685dba7fc2cdd70ec9990a6e753e89b6ac91a84c40fbaf4b"

[[package]]
name = "fxhash"
version = "0.2.1"
source = "registry+https://github.com/rust-lang/crates.io-index"
checksum = "c31b6d751ae2c7f11320402d34e41349dd1016f8d5d45e48c4312bc8625af50c"
dependencies = [
 "byteorder",
]

[[package]]
name = "gfx-auxil"
version = "0.8.0"
source = "git+https://github.com/gfx-rs/gfx#cd96e77952dd2e330fe2c31f768203eef47a0d6a"
dependencies = [
 "fxhash",
 "gfx-hal",
 "spirv_cross",
]

[[package]]
name = "gfx-backend-dx12"
version = "0.7.0"
source = "git+https://github.com/gfx-rs/gfx#cd96e77952dd2e330fe2c31f768203eef47a0d6a"
dependencies = [
 "arrayvec",
 "bit-set",
 "bitflags",
 "d3d12",
 "gfx-auxil",
 "gfx-hal",
 "log",
 "parking_lot",
 "range-alloc",
 "raw-window-handle",
 "smallvec",
 "spirv_cross",
 "winapi",
]

[[package]]
name = "gfx-backend-vulkan"
version = "0.7.0"
source = "git+https://github.com/gfx-rs/gfx#cd96e77952dd2e330fe2c31f768203eef47a0d6a"
dependencies = [
 "arrayvec",
 "ash",
 "byteorder",
 "core-graphics-types",
 "gfx-hal",
 "inplace_it",
 "log",
 "objc",
 "parking_lot",
 "raw-window-handle",
 "smallvec",
 "winapi",
]

[[package]]
name = "gfx-hal"
version = "0.7.0"
source = "git+https://github.com/gfx-rs/gfx#cd96e77952dd2e330fe2c31f768203eef47a0d6a"
dependencies = [
 "bitflags",
 "naga",
 "raw-window-handle",
 "thiserror",
]

[[package]]
name = "gfx_alloc"
version = "0.1.0"
dependencies = [
 "gfx-backend-dx12",
 "gfx-backend-vulkan",
 "gfx-hal",
]

[[package]]
name = "glam"
version = "0.13.0"
source = "registry+https://github.com/rust-lang/crates.io-index"
checksum = "27e6eecbd94ac86b2e1f3b0065ed5f17c097c15d668dddb84208a141e271403b"

[[package]]
name = "inplace_it"
version = "0.3.3"
source = "registry+https://github.com/rust-lang/crates.io-index"
checksum = "90953f308a79fe6d62a4643e51f848fbfddcd05975a38e69fdf4ab86a7baf7ca"

[[package]]
name = "instant"
version = "0.1.9"
source = "registry+https://github.com/rust-lang/crates.io-index"
checksum = "61124eeebbd69b8190558df225adf7e4caafce0d743919e5d6b19652314ec5ec"
dependencies = [
 "cfg-if",
]

[[package]]
name = "jobserver"
version = "0.1.21"
source = "registry+https://github.com/rust-lang/crates.io-index"
checksum = "5c71313ebb9439f74b00d9d2dcec36440beaf57a6aa0623068441dd7cd81a7f2"
dependencies = [
 "libc",
]

[[package]]
name = "js-sys"
version = "0.3.48"
source = "registry+https://github.com/rust-lang/crates.io-index"
checksum = "dc9f84f9b115ce7843d60706df1422a916680bfdfcbdb0447c5614ff9d7e4d78"
dependencies = [
 "wasm-bindgen",
]

[[package]]
name = "lazy_static"
version = "1.4.0"
source = "registry+https://github.com/rust-lang/crates.io-index"
checksum = "e2abad23fbc42b3700f2f279844dc832adb2b2eb069b2df918f455c4e18cc646"

[[package]]
name = "libc"
version = "0.2.88"
source = "registry+https://github.com/rust-lang/crates.io-index"
checksum = "03b07a082330a35e43f63177cc01689da34fbffa0105e1246cf0311472cac73a"

[[package]]
name = "libloading"
version = "0.6.7"
source = "registry+https://github.com/rust-lang/crates.io-index"
checksum = "351a32417a12d5f7e82c368a66781e307834dae04c6ce0cd4456d52989229883"
dependencies = [
 "cfg-if",
 "winapi",
]

[[package]]
name = "libloading"
version = "0.7.0"
source = "registry+https://github.com/rust-lang/crates.io-index"
checksum = "6f84d96438c15fcd6c3f244c8fce01d1e2b9c6b5623e9c711dc9286d8fc92d6a"
dependencies = [
 "cfg-if",
 "winapi",
]

[[package]]
name = "lock_api"
version = "0.4.2"
source = "registry+https://github.com/rust-lang/crates.io-index"
checksum = "dd96ffd135b2fd7b973ac026d28085defbe8983df057ced3eb4f2130b0831312"
dependencies = [
 "scopeguard",
]

[[package]]
name = "log"
version = "0.4.14"
source = "registry+https://github.com/rust-lang/crates.io-index"
checksum = "51b9bbe6c47d51fc3e1a9b945965946b4c44142ab8792c50835a980d362c2710"
dependencies = [
 "cfg-if",
]

[[package]]
name = "malloc_buf"
version = "0.0.6"
source = "registry+https://github.com/rust-lang/crates.io-index"
checksum = "62bb907fe88d54d8d9ce32a3cceab4218ed2f6b7d35617cafe9adf84e43919cb"
dependencies = [
 "libc",
]

[[package]]
name = "naga"
version = "0.3.1"
source = "git+https://github.com/gfx-rs/naga?tag=gfx-13#f5ee79191223e4ebe323a728f4de40830b8d10f6"
dependencies = [
 "bit-set",
 "bitflags",
 "fxhash",
 "log",
 "num-traits",
 "thiserror",
]

[[package]]
name = "num-traits"
version = "0.2.14"
source = "registry+https://github.com/rust-lang/crates.io-index"
checksum = "9a64b1ec5cda2586e284722486d802acf1f7dbdc623e2bfc57e65ca1cd099290"
dependencies = [
 "autocfg",
]

[[package]]
name = "objc"
version = "0.2.7"
source = "registry+https://github.com/rust-lang/crates.io-index"
checksum = "915b1b472bc21c53464d6c8461c9d3af805ba1ef837e1cac254428f4a77177b1"
dependencies = [
 "malloc_buf",
]

[[package]]
name = "parking_lot"
version = "0.11.1"
source = "registry+https://github.com/rust-lang/crates.io-index"
checksum = "6d7744ac029df22dca6284efe4e898991d28e3085c706c972bcd7da4a27a15eb"
dependencies = [
 "instant",
 "lock_api",
 "parking_lot_core",
]

[[package]]
name = "parking_lot_core"
version = "0.8.3"
source = "registry+https://github.com/rust-lang/crates.io-index"
checksum = "fa7a782938e745763fe6907fc6ba86946d72f49fe7e21de074e08128a99fb018"
dependencies = [
 "cfg-if",
 "instant",
 "libc",
 "redox_syscall",
 "smallvec",
 "winapi",
]

[[package]]
name = "proc-macro2"
version = "1.0.24"
source = "registry+https://github.com/rust-lang/crates.io-index"
checksum = "1e0704ee1a7e00d7bb417d0770ea303c1bccbabf0ef1667dae92b5967f5f8a71"
dependencies = [
 "unicode-xid",
]

[[package]]
name = "quote"
version = "1.0.9"
source = "registry+https://github.com/rust-lang/crates.io-index"
checksum = "c3d0b9745dc2debf507c8422de05d7226cc1f0644216dfdfead988f9b1ab32a7"
dependencies = [
 "proc-macro2",
]

[[package]]
name = "range-alloc"
version = "0.1.2"
source = "git+https://github.com/gfx-rs/gfx#cd96e77952dd2e330fe2c31f768203eef47a0d6a"

[[package]]
name = "raw-window-handle"
version = "0.3.3"
source = "registry+https://github.com/rust-lang/crates.io-index"
checksum = "0a441a7a6c80ad6473bd4b74ec1c9a4c951794285bf941c2126f607c72e48211"
dependencies = [
 "libc",
]

[[package]]
name = "redox_syscall"
version = "0.2.5"
source = "registry+https://github.com/rust-lang/crates.io-index"
checksum = "94341e4e44e24f6b591b59e47a8a027df12e008d73fd5672dbea9cc22f4507d9"
dependencies = [
 "bitflags",
]

[[package]]
name = "scopeguard"
version = "1.1.0"
source = "registry+https://github.com/rust-lang/crates.io-index"
checksum = "d29ab0c6d3fc0ee92fe66e2d99f700eab17a8d57d1c1d3b748380fb20baa78cd"

[[package]]
name = "smallvec"
version = "1.6.1"
source = "registry+https://github.com/rust-lang/crates.io-index"
checksum = "fe0f37c9e8f3c5a4a66ad655a93c74daac4ad00c441533bf5c6e7990bb42604e"

[[package]]
name = "spirv_cross"
version = "0.23.1"
source = "registry+https://github.com/rust-lang/crates.io-index"
checksum = "60647fadbf83c4a72f0d7ea67a7ca3a81835cf442b8deae5c134c3e0055b2e14"
dependencies = [
 "cc",
 "js-sys",
 "wasm-bindgen",
]

[[package]]
name = "svo"
version = "0.1.0"
dependencies = [
 "gfx_alloc",
 "glam",
]

[[package]]
name = "syn"
version = "1.0.62"
source = "registry+https://github.com/rust-lang/crates.io-index"
checksum = "123a78a3596b24fee53a6464ce52d8ecbf62241e6294c7e7fe12086cd161f512"
dependencies = [
 "proc-macro2",
 "quote",
 "unicode-xid",
]

[[package]]
name = "thiserror"
version = "1.0.24"
source = "registry+https://github.com/rust-lang/crates.io-index"
checksum = "e0f4a65597094d4483ddaed134f409b2cb7c1beccf25201a9f73c719254fa98e"
dependencies = [
 "thiserror-impl",
]

[[package]]
name = "thiserror-impl"
version = "1.0.24"
source = "registry+https://github.com/rust-lang/crates.io-index"
checksum = "7765189610d8241a44529806d6fd1f2e0a08734313a35d5b3a556f92b381f3c0"
dependencies = [
 "proc-macro2",
 "quote",
 "syn",
]

[[package]]
name = "unicode-xid"
version = "0.2.1"
source = "registry+https://github.com/rust-lang/crates.io-index"
checksum = "f7fe0bb3479651439c9112f72b6c505038574c9fbb575ed1bf3b797fa39dd564"

[[package]]
name = "wasm-bindgen"
version = "0.2.71"
source = "registry+https://github.com/rust-lang/crates.io-index"
checksum = "7ee1280240b7c461d6a0071313e08f34a60b0365f14260362e5a2b17d1d31aa7"
dependencies = [
 "cfg-if",
 "wasm-bindgen-macro",
]

[[package]]
name = "wasm-bindgen-backend"
version = "0.2.71"
source = "registry+https://github.com/rust-lang/crates.io-index"
checksum = "5b7d8b6942b8bb3a9b0e73fc79b98095a27de6fa247615e59d096754a3bc2aa8"
dependencies = [
 "bumpalo",
 "lazy_static",
 "log",
 "proc-macro2",
 "quote",
 "syn",
 "wasm-bindgen-shared",
]

[[package]]
name = "wasm-bindgen-macro"
version = "0.2.71"
source = "registry+https://github.com/rust-lang/crates.io-index"
checksum = "e5ac38da8ef716661f0f36c0d8320b89028efe10c7c0afde65baffb496ce0d3b"
dependencies = [
 "quote",
 "wasm-bindgen-macro-support",
]

[[package]]
name = "wasm-bindgen-macro-support"
version = "0.2.71"
source = "registry+https://github.com/rust-lang/crates.io-index"
checksum = "cc053ec74d454df287b9374ee8abb36ffd5acb95ba87da3ba5b7d3fe20eb401e"
dependencies = [
 "proc-macro2",
 "quote",
 "syn",
 "wasm-bindgen-backend",
 "wasm-bindgen-shared",
]

[[package]]
name = "wasm-bindgen-shared"
version = "0.2.71"
source = "registry+https://github.com/rust-lang/crates.io-index"
checksum = "7d6f8ec44822dd71f5f221a5847fb34acd9060535c1211b70a05844c0f6383b1"

[[package]]
name = "winapi"
version = "0.3.9"
source = "registry+https://github.com/rust-lang/crates.io-index"
checksum = "5c839a674fcd7a98952e593242ea400abe93992746761e38641405d28b00f419"
dependencies = [
 "winapi-i686-pc-windows-gnu",
 "winapi-x86_64-pc-windows-gnu",
]

[[package]]
name = "winapi-i686-pc-windows-gnu"
version = "0.4.0"
source = "registry+https://github.com/rust-lang/crates.io-index"
checksum = "ac3b87c63620426dd9b991e5ce0329eff545bccbbb34f3be09ff6fb6ab51b7b6"

[[package]]
name = "winapi-x86_64-pc-windows-gnu"
version = "0.4.0"
source = "registry+https://github.com/rust-lang/crates.io-index"
checksum = "712e227841d057c1ee1cd2fb22fa7e5a5461ae8e48fa2ca79ec42cfc1931183f"
