# This file is automatically @generated by Cargo.
# It is not intended for manual editing.
[[package]]
name = "dust"
version = "0.1.0"

[[package]]
name = "glam"
version = "0.13.0"
source = "registry+https://github.com/rust-lang/crates.io-index"
checksum = "27e6eecbd94ac86b2e1f3b0065ed5f17c097c15d668dddb84208a141e271403b"

[[package]]
name = "svo"
version = "0.1.0"
dependencies = [
 "glam",
]
